
Microsoft Visual Studio Solution File, Format Version 12.00
# Visual Studio Version 16
VisualStudioVersion = 16.0.30406.217
MinimumVisualStudioVersion = 10.0.40219.1
Project("{FAE04EC0-301F-11D3-BF4B-00C04F79EFBC}") = "GuestBookPrework-AdrianPacholarz", "GuestBookPrework-AdrianPacholarz\GuestBookPrework-AdrianPacholarz.csproj", "{0CA33495-D6AA-48A6-851F-7EE2AA1A318C}"
EndProject
Global
	GlobalSection(SolutionConfigurationPlatforms) = preSolution
		Debug|Any CPU = Debug|Any CPU
		Release|Any CPU = Release|Any CPU
	EndGlobalSection
	GlobalSection(ProjectConfigurationPlatforms) = postSolution
		{0CA33495-D6AA-48A6-851F-7EE2AA1A318C}.Debug|Any CPU.ActiveCfg = Debug|Any CPU
		{0CA33495-D6AA-48A6-851F-7EE2AA1A318C}.Debug|Any CPU.Build.0 = Debug|Any CPU
		{0CA33495-D6AA-48A6-851F-7EE2AA1A318C}.Release|Any CPU.ActiveCfg = Release|Any CPU
		{0CA33495-D6AA-48A6-851F-7EE2AA1A318C}.Release|Any CPU.Build.0 = Release|Any CPU
	EndGlobalSection
	GlobalSection(SolutionProperties) = preSolution
		HideSolutionNode = FALSE
	EndGlobalSection
	GlobalSection(ExtensibilityGlobals) = postSolution
		SolutionGuid = {185239AD-C5CB-47F5-BC10-ABEC3DB57A6B}
	EndGlobalSection
EndGlobal
